
Microsoft Visual Studio Solution File, Format Version 12.00
# Visual Studio Version 17
VisualStudioVersion = 17.3.32825.248
MinimumVisualStudioVersion = 10.0.40219.1
Project("{9A19103F-16F7-4668-BE54-9A1E7A4F7556}") = "Homework 1", "Homework 1\Homework 1.csproj", "{D4DD2F47-F083-4F07-8055-01E04CF32C63}"
EndProject
Project("{9A19103F-16F7-4668-BE54-9A1E7A4F7556}") = "Homework 2", "Homework 2\Homework 2.csproj", "{9091DF2D-0BD6-4E73-92C9-51C84513B7B1}"
EndProject
Project("{9A19103F-16F7-4668-BE54-9A1E7A4F7556}") = "Homework 3", "Homework 3\Homework 3.csproj", "{1FC1FC05-249E-424E-AA00-6A6FD20131EB}"
EndProject
Project("{9A19103F-16F7-4668-BE54-9A1E7A4F7556}") = "Homework 4", "Homework 4\Homework 4.csproj", "{90D5B6F9-7F69-4C9D-B06C-385BE2EB711E}"
EndProject
Project("{FAE04EC0-301F-11D3-BF4B-00C04F79EFBC}") = "Homework 5", "Homework 5\Homework 5.csproj", "{C1232652-52B9-40C1-9CBF-76159F2AC8FC}"
EndProject
Global
	GlobalSection(SolutionConfigurationPlatforms) = preSolution
		Debug|Any CPU = Debug|Any CPU
		Release|Any CPU = Release|Any CPU
	EndGlobalSection
	GlobalSection(ProjectConfigurationPlatforms) = postSolution
		{D4DD2F47-F083-4F07-8055-01E04CF32C63}.Debug|Any CPU.ActiveCfg = Debug|Any CPU
		{D4DD2F47-F083-4F07-8055-01E04CF32C63}.Debug|Any CPU.Build.0 = Debug|Any CPU
		{D4DD2F47-F083-4F07-8055-01E04CF32C63}.Release|Any CPU.ActiveCfg = Release|Any CPU
		{D4DD2F47-F083-4F07-8055-01E04CF32C63}.Release|Any CPU.Build.0 = Release|Any CPU
		{9091DF2D-0BD6-4E73-92C9-51C84513B7B1}.Debug|Any CPU.ActiveCfg = Debug|Any CPU
		{9091DF2D-0BD6-4E73-92C9-51C84513B7B1}.Debug|Any CPU.Build.0 = Debug|Any CPU
		{9091DF2D-0BD6-4E73-92C9-51C84513B7B1}.Release|Any CPU.ActiveCfg = Release|Any CPU
		{9091DF2D-0BD6-4E73-92C9-51C84513B7B1}.Release|Any CPU.Build.0 = Release|Any CPU
		{1FC1FC05-249E-424E-AA00-6A6FD20131EB}.Debug|Any CPU.ActiveCfg = Debug|Any CPU
		{1FC1FC05-249E-424E-AA00-6A6FD20131EB}.Debug|Any CPU.Build.0 = Debug|Any CPU
		{1FC1FC05-249E-424E-AA00-6A6FD20131EB}.Release|Any CPU.ActiveCfg = Release|Any CPU
		{1FC1FC05-249E-424E-AA00-6A6FD20131EB}.Release|Any CPU.Build.0 = Release|Any CPU
		{90D5B6F9-7F69-4C9D-B06C-385BE2EB711E}.Debug|Any CPU.ActiveCfg = Debug|Any CPU
		{90D5B6F9-7F69-4C9D-B06C-385BE2EB711E}.Debug|Any CPU.Build.0 = Debug|Any CPU
		{90D5B6F9-7F69-4C9D-B06C-385BE2EB711E}.Release|Any CPU.ActiveCfg = Release|Any CPU
		{90D5B6F9-7F69-4C9D-B06C-385BE2EB711E}.Release|Any CPU.Build.0 = Release|Any CPU
		{C1232652-52B9-40C1-9CBF-76159F2AC8FC}.Debug|Any CPU.ActiveCfg = Debug|Any CPU
		{C1232652-52B9-40C1-9CBF-76159F2AC8FC}.Debug|Any CPU.Build.0 = Debug|Any CPU
		{C1232652-52B9-40C1-9CBF-76159F2AC8FC}.Release|Any CPU.ActiveCfg = Release|Any CPU
		{C1232652-52B9-40C1-9CBF-76159F2AC8FC}.Release|Any CPU.Build.0 = Release|Any CPU
	EndGlobalSection
	GlobalSection(SolutionProperties) = preSolution
		HideSolutionNode = FALSE
	EndGlobalSection
	GlobalSection(ExtensibilityGlobals) = postSolution
		SolutionGuid = {2309130B-7CEB-45D0-B8CB-C183AE2B7CD8}
	EndGlobalSection
EndGlobal
